
Microsoft Visual Studio Solution File, Format Version 12.00
# Visual Studio Version 16
VisualStudioVersion = 16.0.32106.194
MinimumVisualStudioVersion = 10.0.40219.1
Project("{FAE04EC0-301F-11D3-BF4B-00C04F79EFBC}") = "4_1", "4_1\4_1.csproj", "{F9F41881-AFEC-45E0-82C6-28F87933AF43}"
EndProject
Global
	GlobalSection(SolutionConfigurationPlatforms) = preSolution
		Debug|Any CPU = Debug|Any CPU
		Release|Any CPU = Release|Any CPU
	EndGlobalSection
	GlobalSection(ProjectConfigurationPlatforms) = postSolution
		{F9F41881-AFEC-45E0-82C6-28F87933AF43}.Debug|Any CPU.ActiveCfg = Debug|Any CPU
		{F9F41881-AFEC-45E0-82C6-28F87933AF43}.Debug|Any CPU.Build.0 = Debug|Any CPU
		{F9F41881-AFEC-45E0-82C6-28F87933AF43}.Release|Any CPU.ActiveCfg = Release|Any CPU
		{F9F41881-AFEC-45E0-82C6-28F87933AF43}.Release|Any CPU.Build.0 = Release|Any CPU
	EndGlobalSection
	GlobalSection(SolutionProperties) = preSolution
		HideSolutionNode = FALSE
	EndGlobalSection
	GlobalSection(ExtensibilityGlobals) = postSolution
		SolutionGuid = {86284729-37A4-49A5-886F-1A7962D938B8}
	EndGlobalSection
EndGlobal
