
Microsoft Visual Studio Solution File, Format Version 12.00
# Visual Studio Version 16
VisualStudioVersion = 16.0.32126.315
MinimumVisualStudioVersion = 10.0.40219.1
Project("{FAE04EC0-301F-11D3-BF4B-00C04F79EFBC}") = "1", "1.csproj", "{0054F29A-F7A1-4BC0-B172-6894AE8DB583}"
EndProject
Global
	GlobalSection(SolutionConfigurationPlatforms) = preSolution
		Debug|Any CPU = Debug|Any CPU
		Release|Any CPU = Release|Any CPU
	EndGlobalSection
	GlobalSection(ProjectConfigurationPlatforms) = postSolution
		{0054F29A-F7A1-4BC0-B172-6894AE8DB583}.Debug|Any CPU.ActiveCfg = Debug|Any CPU
		{0054F29A-F7A1-4BC0-B172-6894AE8DB583}.Debug|Any CPU.Build.0 = Debug|Any CPU
		{0054F29A-F7A1-4BC0-B172-6894AE8DB583}.Release|Any CPU.ActiveCfg = Release|Any CPU
		{0054F29A-F7A1-4BC0-B172-6894AE8DB583}.Release|Any CPU.Build.0 = Release|Any CPU
	EndGlobalSection
	GlobalSection(SolutionProperties) = preSolution
		HideSolutionNode = FALSE
	EndGlobalSection
	GlobalSection(ExtensibilityGlobals) = postSolution
		SolutionGuid = {C5740879-04A6-4A80-8639-108E3051021B}
	EndGlobalSection
EndGlobal
